
Microsoft Visual Studio Solution File, Format Version 12.00
# Visual Studio Version 16
VisualStudioVersion = 16.0.30114.105
MinimumVisualStudioVersion = 10.0.40219.1
Project("{FAE04EC0-301F-11D3-BF4B-00C04F79EFBC}") = "DemoODataVideo", "DemoODataVideo.csproj", "{B04B45C7-B002-4931-9E6D-862C3FFB042B}"
EndProject
Global
	GlobalSection(SolutionConfigurationPlatforms) = preSolution
		Debug|Any CPU = Debug|Any CPU
		Release|Any CPU = Release|Any CPU
	EndGlobalSection
	GlobalSection(ProjectConfigurationPlatforms) = postSolution
		{B04B45C7-B002-4931-9E6D-862C3FFB042B}.Debug|Any CPU.ActiveCfg = Debug|Any CPU
		{B04B45C7-B002-4931-9E6D-862C3FFB042B}.Debug|Any CPU.Build.0 = Debug|Any CPU
		{B04B45C7-B002-4931-9E6D-862C3FFB042B}.Release|Any CPU.ActiveCfg = Release|Any CPU
		{B04B45C7-B002-4931-9E6D-862C3FFB042B}.Release|Any CPU.Build.0 = Release|Any CPU
	EndGlobalSection
	GlobalSection(SolutionProperties) = preSolution
		HideSolutionNode = FALSE
	EndGlobalSection
	GlobalSection(ExtensibilityGlobals) = postSolution
		SolutionGuid = {C91F916C-8A9D-4E2E-915C-11F24A06D871}
	EndGlobalSection
EndGlobal
